
Microsoft Visual Studio Solution File, Format Version 12.00
# Visual Studio 2013
VisualStudioVersion = 12.0.30501.0
MinimumVisualStudioVersion = 10.0.40219.1
Project("{FAE04EC0-301F-11D3-BF4B-00C04F79EFBC}") = "DartAssist", "DartAssist\DartAssist.csproj", "{30486F8E-42BF-4070-9A07-E1874EC82BB4}"
EndProject
Project("{FAE04EC0-301F-11D3-BF4B-00C04F79EFBC}") = "Business Tier", "Business Tier\Business Tier.csproj", "{D83E181D-811D-43A1-9071-EE61C5758B9A}"
EndProject
Global
	GlobalSection(SolutionConfigurationPlatforms) = preSolution
		Debug|Any CPU = Debug|Any CPU
		Release|Any CPU = Release|Any CPU
	EndGlobalSection
	GlobalSection(ProjectConfigurationPlatforms) = postSolution
		{30486F8E-42BF-4070-9A07-E1874EC82BB4}.Debug|Any CPU.ActiveCfg = Debug|Any CPU
		{30486F8E-42BF-4070-9A07-E1874EC82BB4}.Debug|Any CPU.Build.0 = Debug|Any CPU
		{30486F8E-42BF-4070-9A07-E1874EC82BB4}.Release|Any CPU.ActiveCfg = Release|Any CPU
		{30486F8E-42BF-4070-9A07-E1874EC82BB4}.Release|Any CPU.Build.0 = Release|Any CPU
		{D83E181D-811D-43A1-9071-EE61C5758B9A}.Debug|Any CPU.ActiveCfg = Debug|Any CPU
		{D83E181D-811D-43A1-9071-EE61C5758B9A}.Debug|Any CPU.Build.0 = Debug|Any CPU
		{D83E181D-811D-43A1-9071-EE61C5758B9A}.Release|Any CPU.ActiveCfg = Release|Any CPU
		{D83E181D-811D-43A1-9071-EE61C5758B9A}.Release|Any CPU.Build.0 = Release|Any CPU
	EndGlobalSection
	GlobalSection(SolutionProperties) = preSolution
		HideSolutionNode = FALSE
	EndGlobalSection
EndGlobal
